<?xml version="1.0" encoding="utf-8"?>
<Project ToolsVersion="4.0" xmlns="http://schemas.microsoft.com/developer/msbuild/2003">
  <ItemGroup>
    <ClCompile Include="main.cpp" />
  </ItemGroup>
  <ItemGroup>
    <Filter Include="libcc">
      <UniqueIdentifier>{3168efe0-a89e-4749-ab36-b1bc41a4d7f1}</UniqueIdentifier>
    </Filter>
  </ItemGroup>
  <ItemGroup>
    <ClInclude Include="libcc\winutils.hpp">
      <Filter>libcc</Filter>
    </ClInclude>
    <ClInclude Include="libcc\format.hpp">
      <Filter>libcc</Filter>
    </ClInclude>
  </ItemGroup>
</Project>